
Microsoft Visual Studio Solution File, Format Version 12.00
# Visual Studio Version 17
VisualStudioVersion = 17.14.36121.58 d17.14
MinimumVisualStudioVersion = 10.0.40219.1
Project("{FAE04EC0-301F-11D3-BF4B-00C04F79EFBC}") = "AiFoundryExp", "AiFoundryExp\AiFoundryExp.csproj", "{380269C7-30B1-43DD-BCBE-369965B3594D}"
EndProject
Global
	GlobalSection(SolutionConfigurationPlatforms) = preSolution
		Debug|Any CPU = Debug|Any CPU
		Release|Any CPU = Release|Any CPU
	EndGlobalSection
	GlobalSection(ProjectConfigurationPlatforms) = postSolution
		{380269C7-30B1-43DD-BCBE-369965B3594D}.Debug|Any CPU.ActiveCfg = Debug|Any CPU
		{380269C7-30B1-43DD-BCBE-369965B3594D}.Debug|Any CPU.Build.0 = Debug|Any CPU
		{380269C7-30B1-43DD-BCBE-369965B3594D}.Release|Any CPU.ActiveCfg = Release|Any CPU
		{380269C7-30B1-43DD-BCBE-369965B3594D}.Release|Any CPU.Build.0 = Release|Any CPU
	EndGlobalSection
	GlobalSection(SolutionProperties) = preSolution
		HideSolutionNode = FALSE
	EndGlobalSection
	GlobalSection(ExtensibilityGlobals) = postSolution
		SolutionGuid = {5EF4693A-C8A6-4065-A1D2-53C54F692000}
	EndGlobalSection
EndGlobal
